{
	"name": "tests",
	"version": "1.0.0",
	"lockfileVersion": 2,
	"requires": true,
	"packages": {
		"": {
			"version": "1.0.0",
			"dependencies": {
				"advanced-command-hander": "file://../dist/",
				"dotenv": "^8.2.0"
			}
		},
		"../dist": {},
		"node_modules/advanced-command-hander": {
			"resolved": "../dist",
			"link": true
		},
		"node_modules/dotenv": {
			"version": "8.2.0",
			"resolved": "https://registry.npmjs.org/dotenv/-/dotenv-8.2.0.tgz",
			"integrity": "sha512-8sJ78ElpbDJBHNeBzUbUVLsqKdccaa/BXF1uPTw3GrvQTBgrQrtObr2mUrE38vzYd8cEv+m/JBfDLioYcfXoaw==",
			"engines": {
				"node": ">=8"
			}
		}
	},
	"dependencies": {
		"advanced-command-hander": {
			"version": "file:../dist"
		},
		"dotenv": {
			"version": "8.2.0",
			"resolved": "https://registry.npmjs.org/dotenv/-/dotenv-8.2.0.tgz",
			"integrity": "sha512-8sJ78ElpbDJBHNeBzUbUVLsqKdccaa/BXF1uPTw3GrvQTBgrQrtObr2mUrE38vzYd8cEv+m/JBfDLioYcfXoaw=="
		}
	}
}
