{
	"name": "tests",
	"version": "1.0.0",
	"lockfileVersion": 2,
	"requires": true,
	"packages": {
		"": {
			"version": "1.0.0",
			"dependencies": {
				"advanced-command-hander": "file://../dist/",
				"dotenv": "^8.2.0"
			}
		},
		"../dist": {},
		"node_modules/advanced-command-hander": {
			"resolved": "../dist",
			"link": true
		},
		"node_modules/dotenv": {
			"version": "8.2.0",
			"license": "BSD-2-Clause",
			"engines": {
				"node": ">=8"
			}
		}
	},
	"dependencies": {
		"advanced-command-hander": {
			"version": "file:../dist"
		},
		"dotenv": {
			"version": "8.2.0"
		}
	}
}
